// !$*UTF8*$!
{
	archiveVersion = 1;
	classes = {
	};
	objectVersion = 55;
	objects = {

/* Begin PBXBuildFile section */
		511DCD962871D1FE000655F5 /* NewsTableViewController.swift in Sources */ = {isa = PBXBuildFile; fileRef = 511DCD952871D1FE000655F5 /* NewsTableViewController.swift */; };
		511DCD9A2871DF72000655F5 /* NewsViewCell.swift in Sources */ = {isa = PBXBuildFile; fileRef = 511DCD992871DF72000655F5 /* NewsViewCell.swift */; };
		511DCD9C2871E2B8000655F5 /* News.swift in Sources */ = {isa = PBXBuildFile; fileRef = 511DCD9B2871E2B8000655F5 /* News.swift */; };
		5157339B286374D00073F898 /* RecommendedGroupsController.swift in Sources */ = {isa = PBXBuildFile; fileRef = 5157339A286374D00073F898 /* RecommendedGroupsController.swift */; };
		5157339D286378AD0073F898 /* RecommendedGroupsCell.swift in Sources */ = {isa = PBXBuildFile; fileRef = 5157339C286378AD0073F898 /* RecommendedGroupsCell.swift */; };
		515733A42864CA850073F898 /* UserGroupsCell.swift in Sources */ = {isa = PBXBuildFile; fileRef = 515733A32864CA850073F898 /* UserGroupsCell.swift */; };
		515733A62864CAA40073F898 /* UserGroupsController.swift in Sources */ = {isa = PBXBuildFile; fileRef = 515733A52864CAA40073F898 /* UserGroupsController.swift */; };
		515733A9286712350073F898 /* User.swift in Sources */ = {isa = PBXBuildFile; fileRef = 515733A8286712350073F898 /* User.swift */; };
		515733AB286712460073F898 /* Group.swift in Sources */ = {isa = PBXBuildFile; fileRef = 515733AA286712460073F898 /* Group.swift */; };
		515733AD286732610073F898 /* FriendsViewController.swift in Sources */ = {isa = PBXBuildFile; fileRef = 515733AC286732610073F898 /* FriendsViewController.swift */; };
		515733AF2867348F0073F898 /* FriendsViewCell.swift in Sources */ = {isa = PBXBuildFile; fileRef = 515733AE2867348F0073F898 /* FriendsViewCell.swift */; };
		515733B428673F830073F898 /* PhotosViewController.swift in Sources */ = {isa = PBXBuildFile; fileRef = 515733B328673F830073F898 /* PhotosViewController.swift */; };
		515733B628673F990073F898 /* PhotosViewCell.swift in Sources */ = {isa = PBXBuildFile; fileRef = 515733B528673F990073F898 /* PhotosViewCell.swift */; };
		515F89D9286B653E005129F4 /* AvatarView.swift in Sources */ = {isa = PBXBuildFile; fileRef = 515F89D8286B653E005129F4 /* AvatarView.swift */; };
		515F89DB286B8D3A005129F4 /* LikeControl.swift in Sources */ = {isa = PBXBuildFile; fileRef = 515F89DA286B8D3A005129F4 /* LikeControl.swift */; };
		51C017CB285DD3140004EAA8 /* AppDelegate.swift in Sources */ = {isa = PBXBuildFile; fileRef = 51C017CA285DD3140004EAA8 /* AppDelegate.swift */; };
		51C017CD285DD3140004EAA8 /* SceneDelegate.swift in Sources */ = {isa = PBXBuildFile; fileRef = 51C017CC285DD3140004EAA8 /* SceneDelegate.swift */; };
		51C017D2285DD3140004EAA8 /* Main.storyboard in Resources */ = {isa = PBXBuildFile; fileRef = 51C017D0285DD3140004EAA8 /* Main.storyboard */; };
		51C017D4285DD3150004EAA8 /* Assets.xcassets in Resources */ = {isa = PBXBuildFile; fileRef = 51C017D3285DD3150004EAA8 /* Assets.xcassets */; };
		51C017D7285DD3150004EAA8 /* LaunchScreen.storyboard in Resources */ = {isa = PBXBuildFile; fileRef = 51C017D5285DD3150004EAA8 /* LaunchScreen.storyboard */; };
		51C017DF285DD3660004EAA8 /* LoginFormController.swift in Sources */ = {isa = PBXBuildFile; fileRef = 51C017DE285DD3660004EAA8 /* LoginFormController.swift */; };
/* End PBXBuildFile section */

/* Begin PBXFileReference section */
		511DCD952871D1FE000655F5 /* NewsTableViewController.swift */ = {isa = PBXFileReference; lastKnownFileType = sourcecode.swift; path = NewsTableViewController.swift; sourceTree = "<group>"; };
		511DCD992871DF72000655F5 /* NewsViewCell.swift */ = {isa = PBXFileReference; lastKnownFileType = sourcecode.swift; path = NewsViewCell.swift; sourceTree = SOURCE_ROOT; };
		511DCD9B2871E2B8000655F5 /* News.swift */ = {isa = PBXFileReference; lastKnownFileType = sourcecode.swift; path = News.swift; sourceTree = "<group>"; };
		5157339A286374D00073F898 /* RecommendedGroupsController.swift */ = {isa = PBXFileReference; lastKnownFileType = sourcecode.swift; path = RecommendedGroupsController.swift; sourceTree = "<group>"; };
		5157339C286378AD0073F898 /* RecommendedGroupsCell.swift */ = {isa = PBXFileReference; lastKnownFileType = sourcecode.swift; path = RecommendedGroupsCell.swift; sourceTree = "<group>"; };
		515733A32864CA850073F898 /* UserGroupsCell.swift */ = {isa = PBXFileReference; lastKnownFileType = sourcecode.swift; path = UserGroupsCell.swift; sourceTree = "<group>"; };
		515733A52864CAA40073F898 /* UserGroupsController.swift */ = {isa = PBXFileReference; lastKnownFileType = sourcecode.swift; path = UserGroupsController.swift; sourceTree = "<group>"; };
		515733A8286712350073F898 /* User.swift */ = {isa = PBXFileReference; lastKnownFileType = sourcecode.swift; name = User.swift; path = VK/User.swift; sourceTree = SOURCE_ROOT; };
		515733AA286712460073F898 /* Group.swift */ = {isa = PBXFileReference; lastKnownFileType = sourcecode.swift; path = Group.swift; sourceTree = "<group>"; };
		515733AC286732610073F898 /* FriendsViewController.swift */ = {isa = PBXFileReference; lastKnownFileType = sourcecode.swift; path = FriendsViewController.swift; sourceTree = "<group>"; };
		515733AE2867348F0073F898 /* FriendsViewCell.swift */ = {isa = PBXFileReference; lastKnownFileType = sourcecode.swift; path = FriendsViewCell.swift; sourceTree = "<group>"; };
		515733B328673F830073F898 /* PhotosViewController.swift */ = {isa = PBXFileReference; lastKnownFileType = sourcecode.swift; path = PhotosViewController.swift; sourceTree = "<group>"; };
		515733B528673F990073F898 /* PhotosViewCell.swift */ = {isa = PBXFileReference; lastKnownFileType = sourcecode.swift; path = PhotosViewCell.swift; sourceTree = "<group>"; };
		515F89D8286B653E005129F4 /* AvatarView.swift */ = {isa = PBXFileReference; lastKnownFileType = sourcecode.swift; name = AvatarView.swift; path = VK/Friends/AvatarView.swift; sourceTree = SOURCE_ROOT; };
		515F89DA286B8D3A005129F4 /* LikeControl.swift */ = {isa = PBXFileReference; lastKnownFileType = sourcecode.swift; name = LikeControl.swift; path = VK/Friends/Photos/LikeControl.swift; sourceTree = SOURCE_ROOT; };
		51C017C7285DD3140004EAA8 /* VK.app */ = {isa = PBXFileReference; explicitFileType = wrapper.application; includeInIndex = 0; path = VK.app; sourceTree = BUILT_PRODUCTS_DIR; };
		51C017CA285DD3140004EAA8 /* AppDelegate.swift */ = {isa = PBXFileReference; lastKnownFileType = sourcecode.swift; path = AppDelegate.swift; sourceTree = "<group>"; };
		51C017CC285DD3140004EAA8 /* SceneDelegate.swift */ = {isa = PBXFileReference; lastKnownFileType = sourcecode.swift; path = SceneDelegate.swift; sourceTree = "<group>"; };
		51C017D1285DD3140004EAA8 /* Base */ = {isa = PBXFileReference; lastKnownFileType = file.storyboard; name = Base; path = Base.lproj/Main.storyboard; sourceTree = "<group>"; };
		51C017D3285DD3150004EAA8 /* Assets.xcassets */ = {isa = PBXFileReference; lastKnownFileType = folder.assetcatalog; path = Assets.xcassets; sourceTree = "<group>"; };
		51C017D6285DD3150004EAA8 /* Base */ = {isa = PBXFileReference; lastKnownFileType = file.storyboard; name = Base; path = Base.lproj/LaunchScreen.storyboard; sourceTree = "<group>"; };
		51C017D8285DD3150004EAA8 /* Info.plist */ = {isa = PBXFileReference; lastKnownFileType = text.plist.xml; path = Info.plist; sourceTree = "<group>"; };
		51C017DE285DD3660004EAA8 /* LoginFormController.swift */ = {isa = PBXFileReference; lastKnownFileType = sourcecode.swift; path = LoginFormController.swift; sourceTree = "<group>"; };
/* End PBXFileReference section */

/* Begin PBXFrameworksBuildPhase section */
		51C017C4285DD3140004EAA8 /* Frameworks */ = {
			isa = PBXFrameworksBuildPhase;
			buildActionMask = 2147483647;
			files = (
			);
			runOnlyForDeploymentPostprocessing = 0;
		};
/* End PBXFrameworksBuildPhase section */

/* Begin PBXGroup section */
		511DCD972871D207000655F5 /* News */ = {
			isa = PBXGroup;
			children = (
				511DCD992871DF72000655F5 /* NewsViewCell.swift */,
				511DCD952871D1FE000655F5 /* NewsTableViewController.swift */,
			);
			path = News;
			sourceTree = "<group>";
		};
		51573390286372670073F898 /* Friends */ = {
			isa = PBXGroup;
			children = (
				515733B228673F500073F898 /* Photos */,
				515733B128673F440073F898 /* FriendsList */,
			);
			path = Friends;
			sourceTree = "<group>";
		};
		51573397286373BE0073F898 /* Groups */ = {
			isa = PBXGroup;
			children = (
				515733A028639B120073F898 /* UserGroups */,
				5157339F286398C10073F898 /* RecommendedGroups */,
			);
			path = Groups;
			sourceTree = "<group>";
		};
		5157339F286398C10073F898 /* RecommendedGroups */ = {
			isa = PBXGroup;
			children = (
				5157339C286378AD0073F898 /* RecommendedGroupsCell.swift */,
				5157339A286374D00073F898 /* RecommendedGroupsController.swift */,
			);
			name = RecommendedGroups;
			path = ..;
			sourceTree = "<group>";
		};
		515733A028639B120073F898 /* UserGroups */ = {
			isa = PBXGroup;
			children = (
				515733A32864CA850073F898 /* UserGroupsCell.swift */,
				515733A52864CAA40073F898 /* UserGroupsController.swift */,
			);
			name = UserGroups;
			path = ..;
			sourceTree = "<group>";
		};
		515733A728670D900073F898 /* Model */ = {
			isa = PBXGroup;
			children = (
				515733A8286712350073F898 /* User.swift */,
				515733AA286712460073F898 /* Group.swift */,
				511DCD9B2871E2B8000655F5 /* News.swift */,
			);
			path = Model;
			sourceTree = "<group>";
		};
		515733B128673F440073F898 /* FriendsList */ = {
			isa = PBXGroup;
			children = (
				515F89D8286B653E005129F4 /* AvatarView.swift */,
				515733AC286732610073F898 /* FriendsViewController.swift */,
				515733AE2867348F0073F898 /* FriendsViewCell.swift */,
			);
			name = FriendsList;
			sourceTree = "<group>";
		};
		515733B228673F500073F898 /* Photos */ = {
			isa = PBXGroup;
			children = (
				515F89DA286B8D3A005129F4 /* LikeControl.swift */,
				515733B328673F830073F898 /* PhotosViewController.swift */,
				515733B528673F990073F898 /* PhotosViewCell.swift */,
			);
			path = Photos;
			sourceTree = "<group>";
		};
		51C017BE285DD3140004EAA8 = {
			isa = PBXGroup;
			children = (
				51C017C9285DD3140004EAA8 /* VK */,
				51C017C8285DD3140004EAA8 /* Products */,
			);
			sourceTree = "<group>";
		};
		51C017C8285DD3140004EAA8 /* Products */ = {
			isa = PBXGroup;
			children = (
				51C017C7285DD3140004EAA8 /* VK.app */,
			);
			name = Products;
			sourceTree = "<group>";
		};
		51C017C9285DD3140004EAA8 /* VK */ = {
			isa = PBXGroup;
			children = (
				515733A728670D900073F898 /* Model */,
				51573390286372670073F898 /* Friends */,
				51573397286373BE0073F898 /* Groups */,
				511DCD972871D207000655F5 /* News */,
				51C017CA285DD3140004EAA8 /* AppDelegate.swift */,
				51C017CC285DD3140004EAA8 /* SceneDelegate.swift */,
				51C017DE285DD3660004EAA8 /* LoginFormController.swift */,
				51C017D0285DD3140004EAA8 /* Main.storyboard */,
				51C017D3285DD3150004EAA8 /* Assets.xcassets */,
				51C017D5285DD3150004EAA8 /* LaunchScreen.storyboard */,
				51C017D8285DD3150004EAA8 /* Info.plist */,
			);
			path = VK;
			sourceTree = "<group>";
		};
/* End PBXGroup section */

/* Begin PBXNativeTarget section */
		51C017C6285DD3140004EAA8 /* VK */ = {
			isa = PBXNativeTarget;
			buildConfigurationList = 51C017DB285DD3150004EAA8 /* Build configuration list for PBXNativeTarget "VK" */;
			buildPhases = (
				51C017C3285DD3140004EAA8 /* Sources */,
				51C017C4285DD3140004EAA8 /* Frameworks */,
				51C017C5285DD3140004EAA8 /* Resources */,
			);
			buildRules = (
			);
			dependencies = (
			);
			name = VK;
			productName = VK;
			productReference = 51C017C7285DD3140004EAA8 /* VK.app */;
			productType = "com.apple.product-type.application";
		};
/* End PBXNativeTarget section */

/* Begin PBXProject section */
		51C017BF285DD3140004EAA8 /* Project object */ = {
			isa = PBXProject;
			attributes = {
				BuildIndependentTargetsInParallel = 1;
				LastSwiftUpdateCheck = 1340;
				LastUpgradeCheck = 1340;
				TargetAttributes = {
					51C017C6285DD3140004EAA8 = {
						CreatedOnToolsVersion = 13.4.1;
					};
				};
			};
			buildConfigurationList = 51C017C2285DD3140004EAA8 /* Build configuration list for PBXProject "VK" */;
			compatibilityVersion = "Xcode 13.0";
			developmentRegion = en;
			hasScannedForEncodings = 0;
			knownRegions = (
				en,
				Base,
			);
			mainGroup = 51C017BE285DD3140004EAA8;
			productRefGroup = 51C017C8285DD3140004EAA8 /* Products */;
			projectDirPath = "";
			projectRoot = "";
			targets = (
				51C017C6285DD3140004EAA8 /* VK */,
			);
		};
/* End PBXProject section */

/* Begin PBXResourcesBuildPhase section */
		51C017C5285DD3140004EAA8 /* Resources */ = {
			isa = PBXResourcesBuildPhase;
			buildActionMask = 2147483647;
			files = (
				51C017D7285DD3150004EAA8 /* LaunchScreen.storyboard in Resources */,
				51C017D4285DD3150004EAA8 /* Assets.xcassets in Resources */,
				51C017D2285DD3140004EAA8 /* Main.storyboard in Resources */,
			);
			runOnlyForDeploymentPostprocessing = 0;
		};
/* End PBXResourcesBuildPhase section */

/* Begin PBXSourcesBuildPhase section */
		51C017C3285DD3140004EAA8 /* Sources */ = {
			isa = PBXSourcesBuildPhase;
			buildActionMask = 2147483647;
			files = (
				515733AB286712460073F898 /* Group.swift in Sources */,
				5157339B286374D00073F898 /* RecommendedGroupsController.swift in Sources */,
				511DCD9A2871DF72000655F5 /* NewsViewCell.swift in Sources */,
				51C017DF285DD3660004EAA8 /* LoginFormController.swift in Sources */,
				515733A42864CA850073F898 /* UserGroupsCell.swift in Sources */,
				51C017CB285DD3140004EAA8 /* AppDelegate.swift in Sources */,
				515733A9286712350073F898 /* User.swift in Sources */,
				515733AD286732610073F898 /* FriendsViewController.swift in Sources */,
				515F89DB286B8D3A005129F4 /* LikeControl.swift in Sources */,
				51C017CD285DD3140004EAA8 /* SceneDelegate.swift in Sources */,
				5157339D286378AD0073F898 /* RecommendedGroupsCell.swift in Sources */,
				515F89D9286B653E005129F4 /* AvatarView.swift in Sources */,
				511DCD9C2871E2B8000655F5 /* News.swift in Sources */,
				515733B428673F830073F898 /* PhotosViewController.swift in Sources */,
				511DCD962871D1FE000655F5 /* NewsTableViewController.swift in Sources */,
				515733A62864CAA40073F898 /* UserGroupsController.swift in Sources */,
				515733B628673F990073F898 /* PhotosViewCell.swift in Sources */,
				515733AF2867348F0073F898 /* FriendsViewCell.swift in Sources */,
			);
			runOnlyForDeploymentPostprocessing = 0;
		};
/* End PBXSourcesBuildPhase section */

/* Begin PBXVariantGroup section */
		51C017D0285DD3140004EAA8 /* Main.storyboard */ = {
			isa = PBXVariantGroup;
			children = (
				51C017D1285DD3140004EAA8 /* Base */,
			);
			name = Main.storyboard;
			sourceTree = "<group>";
		};
		51C017D5285DD3150004EAA8 /* LaunchScreen.storyboard */ = {
			isa = PBXVariantGroup;
			children = (
				51C017D6285DD3150004EAA8 /* Base */,
			);
			name = LaunchScreen.storyboard;
			sourceTree = "<group>";
		};
/* End PBXVariantGroup section */

/* Begin XCBuildConfiguration section */
		51C017D9285DD3150004EAA8 /* Debug */ = {
			isa = XCBuildConfiguration;
			buildSettings = {
				ALWAYS_SEARCH_USER_PATHS = NO;
				CLANG_ANALYZER_NONNULL = YES;
				CLANG_ANALYZER_NUMBER_OBJECT_CONVERSION = YES_AGGRESSIVE;
				CLANG_CXX_LANGUAGE_STANDARD = "gnu++17";
				CLANG_ENABLE_MODULES = YES;
				CLANG_ENABLE_OBJC_ARC = YES;
				CLANG_ENABLE_OBJC_WEAK = YES;
				CLANG_WARN_BLOCK_CAPTURE_AUTORELEASING = YES;
				CLANG_WARN_BOOL_CONVERSION = YES;
				CLANG_WARN_COMMA = YES;
				CLANG_WARN_CONSTANT_CONVERSION = YES;
				CLANG_WARN_DEPRECATED_OBJC_IMPLEMENTATIONS = YES;
				CLANG_WARN_DIRECT_OBJC_ISA_USAGE = YES_ERROR;
				CLANG_WARN_DOCUMENTATION_COMMENTS = YES;
				CLANG_WARN_EMPTY_BODY = YES;
				CLANG_WARN_ENUM_CONVERSION = YES;
				CLANG_WARN_INFINITE_RECURSION = YES;
				CLANG_WARN_INT_CONVERSION = YES;
				CLANG_WARN_NON_LITERAL_NULL_CONVERSION = YES;
				CLANG_WARN_OBJC_IMPLICIT_RETAIN_SELF = YES;
				CLANG_WARN_OBJC_LITERAL_CONVERSION = YES;
				CLANG_WARN_OBJC_ROOT_CLASS = YES_ERROR;
				CLANG_WARN_QUOTED_INCLUDE_IN_FRAMEWORK_HEADER = YES;
				CLANG_WARN_RANGE_LOOP_ANALYSIS = YES;
				CLANG_WARN_STRICT_PROTOTYPES = YES;
				CLANG_WARN_SUSPICIOUS_MOVE = YES;
				CLANG_WARN_UNGUARDED_AVAILABILITY = YES_AGGRESSIVE;
				CLANG_WARN_UNREACHABLE_CODE = YES;
				CLANG_WARN__DUPLICATE_METHOD_MATCH = YES;
				COPY_PHASE_STRIP = NO;
				DEBUG_INFORMATION_FORMAT = dwarf;
				ENABLE_STRICT_OBJC_MSGSEND = YES;
				ENABLE_TESTABILITY = YES;
				GCC_C_LANGUAGE_STANDARD = gnu11;
				GCC_DYNAMIC_NO_PIC = NO;
				GCC_NO_COMMON_BLOCKS = YES;
				GCC_OPTIMIZATION_LEVEL = 0;
				GCC_PREPROCESSOR_DEFINITIONS = (
					"DEBUG=1",
					"$(inherited)",
				);
				GCC_WARN_64_TO_32_BIT_CONVERSION = YES;
				GCC_WARN_ABOUT_RETURN_TYPE = YES_ERROR;
				GCC_WARN_UNDECLARED_SELECTOR = YES;
				GCC_WARN_UNINITIALIZED_AUTOS = YES_AGGRESSIVE;
				GCC_WARN_UNUSED_FUNCTION = YES;
				GCC_WARN_UNUSED_VARIABLE = YES;
				IPHONEOS_DEPLOYMENT_TARGET = 15.5;
				MTL_ENABLE_DEBUG_INFO = INCLUDE_SOURCE;
				MTL_FAST_MATH = YES;
				ONLY_ACTIVE_ARCH = YES;
				SDKROOT = iphoneos;
				SWIFT_ACTIVE_COMPILATION_CONDITIONS = DEBUG;
				SWIFT_OPTIMIZATION_LEVEL = "-Onone";
			};
			name = Debug;
		};
		51C017DA285DD3150004EAA8 /* Release */ = {
			isa = XCBuildConfiguration;
			buildSettings = {
				ALWAYS_SEARCH_USER_PATHS = NO;
				CLANG_ANALYZER_NONNULL = YES;
				CLANG_ANALYZER_NUMBER_OBJECT_CONVERSION = YES_AGGRESSIVE;
				CLANG_CXX_LANGUAGE_STANDARD = "gnu++17";
				CLANG_ENABLE_MODULES = YES;
				CLANG_ENABLE_OBJC_ARC = YES;
				CLANG_ENABLE_OBJC_WEAK = YES;
				CLANG_WARN_BLOCK_CAPTURE_AUTORELEASING = YES;
				CLANG_WARN_BOOL_CONVERSION = YES;
				CLANG_WARN_COMMA = YES;
				CLANG_WARN_CONSTANT_CONVERSION = YES;
				CLANG_WARN_DEPRECATED_OBJC_IMPLEMENTATIONS = YES;
				CLANG_WARN_DIRECT_OBJC_ISA_USAGE = YES_ERROR;
				CLANG_WARN_DOCUMENTATION_COMMENTS = YES;
				CLANG_WARN_EMPTY_BODY = YES;
				CLANG_WARN_ENUM_CONVERSION = YES;
				CLANG_WARN_INFINITE_RECURSION = YES;
				CLANG_WARN_INT_CONVERSION = YES;
				CLANG_WARN_NON_LITERAL_NULL_CONVERSION = YES;
				CLANG_WARN_OBJC_IMPLICIT_RETAIN_SELF = YES;
				CLANG_WARN_OBJC_LITERAL_CONVERSION = YES;
				CLANG_WARN_OBJC_ROOT_CLASS = YES_ERROR;
				CLANG_WARN_QUOTED_INCLUDE_IN_FRAMEWORK_HEADER = YES;
				CLANG_WARN_RANGE_LOOP_ANALYSIS = YES;
				CLANG_WARN_STRICT_PROTOTYPES = YES;
				CLANG_WARN_SUSPICIOUS_MOVE = YES;
				CLANG_WARN_UNGUARDED_AVAILABILITY = YES_AGGRESSIVE;
				CLANG_WARN_UNREACHABLE_CODE = YES;
				CLANG_WARN__DUPLICATE_METHOD_MATCH = YES;
				COPY_PHASE_STRIP = NO;
				DEBUG_INFORMATION_FORMAT = "dwarf-with-dsym";
				ENABLE_NS_ASSERTIONS = NO;
				ENABLE_STRICT_OBJC_MSGSEND = YES;
				GCC_C_LANGUAGE_STANDARD = gnu11;
				GCC_NO_COMMON_BLOCKS = YES;
				GCC_WARN_64_TO_32_BIT_CONVERSION = YES;
				GCC_WARN_ABOUT_RETURN_TYPE = YES_ERROR;
				GCC_WARN_UNDECLARED_SELECTOR = YES;
				GCC_WARN_UNINITIALIZED_AUTOS = YES_AGGRESSIVE;
				GCC_WARN_UNUSED_FUNCTION = YES;
				GCC_WARN_UNUSED_VARIABLE = YES;
				IPHONEOS_DEPLOYMENT_TARGET = 15.5;
				MTL_ENABLE_DEBUG_INFO = NO;
				MTL_FAST_MATH = YES;
				SDKROOT = iphoneos;
				SWIFT_COMPILATION_MODE = wholemodule;
				SWIFT_OPTIMIZATION_LEVEL = "-O";
				VALIDATE_PRODUCT = YES;
			};
			name = Release;
		};
		51C017DC285DD3150004EAA8 /* Debug */ = {
			isa = XCBuildConfiguration;
			buildSettings = {
				ASSETCATALOG_COMPILER_APPICON_NAME = AppIcon;
				ASSETCATALOG_COMPILER_GLOBAL_ACCENT_COLOR_NAME = AccentColor;
				CODE_SIGN_STYLE = Automatic;
				CURRENT_PROJECT_VERSION = 1;
				DEVELOPMENT_TEAM = 4645TSUXP2;
				GENERATE_INFOPLIST_FILE = YES;
				INFOPLIST_FILE = VK/Info.plist;
				INFOPLIST_KEY_UIApplicationSupportsIndirectInputEvents = YES;
				INFOPLIST_KEY_UILaunchStoryboardName = LaunchScreen;
				INFOPLIST_KEY_UIMainStoryboardFile = Main;
				INFOPLIST_KEY_UISupportedInterfaceOrientations_iPad = "UIInterfaceOrientationPortrait UIInterfaceOrientationPortraitUpsideDown UIInterfaceOrientationLandscapeLeft UIInterfaceOrientationLandscapeRight";
				INFOPLIST_KEY_UISupportedInterfaceOrientations_iPhone = "UIInterfaceOrientationPortrait UIInterfaceOrientationLandscapeLeft UIInterfaceOrientationLandscapeRight";
				LD_RUNPATH_SEARCH_PATHS = (
					"$(inherited)",
					"@executable_path/Frameworks",
				);
				MARKETING_VERSION = 1.0;
				PRODUCT_BUNDLE_IDENTIFIER = "no-organization.VK";
				PRODUCT_NAME = "$(TARGET_NAME)";
				SWIFT_EMIT_LOC_STRINGS = YES;
				SWIFT_VERSION = 5.0;
				TARGETED_DEVICE_FAMILY = "1,2";
			};
			name = Debug;
		};
		51C017DD285DD3150004EAA8 /* Release */ = {
			isa = XCBuildConfiguration;
			buildSettings = {
				ASSETCATALOG_COMPILER_APPICON_NAME = AppIcon;
				ASSETCATALOG_COMPILER_GLOBAL_ACCENT_COLOR_NAME = AccentColor;
				CODE_SIGN_STYLE = Automatic;
				CURRENT_PROJECT_VERSION = 1;
				DEVELOPMENT_TEAM = 4645TSUXP2;
				GENERATE_INFOPLIST_FILE = YES;
				INFOPLIST_FILE = VK/Info.plist;
				INFOPLIST_KEY_UIApplicationSupportsIndirectInputEvents = YES;
				INFOPLIST_KEY_UILaunchStoryboardName = LaunchScreen;
				INFOPLIST_KEY_UIMainStoryboardFile = Main;
				INFOPLIST_KEY_UISupportedInterfaceOrientations_iPad = "UIInterfaceOrientationPortrait UIInterfaceOrientationPortraitUpsideDown UIInterfaceOrientationLandscapeLeft UIInterfaceOrientationLandscapeRight";
				INFOPLIST_KEY_UISupportedInterfaceOrientations_iPhone = "UIInterfaceOrientationPortrait UIInterfaceOrientationLandscapeLeft UIInterfaceOrientationLandscapeRight";
				LD_RUNPATH_SEARCH_PATHS = (
					"$(inherited)",
					"@executable_path/Frameworks",
				);
				MARKETING_VERSION = 1.0;
				PRODUCT_BUNDLE_IDENTIFIER = "no-organization.VK";
				PRODUCT_NAME = "$(TARGET_NAME)";
				SWIFT_EMIT_LOC_STRINGS = YES;
				SWIFT_VERSION = 5.0;
				TARGETED_DEVICE_FAMILY = "1,2";
			};
			name = Release;
		};
/* End XCBuildConfiguration section */

/* Begin XCConfigurationList section */
		51C017C2285DD3140004EAA8 /* Build configuration list for PBXProject "VK" */ = {
			isa = XCConfigurationList;
			buildConfigurations = (
				51C017D9285DD3150004EAA8 /* Debug */,
				51C017DA285DD3150004EAA8 /* Release */,
			);
			defaultConfigurationIsVisible = 0;
			defaultConfigurationName = Release;
		};
		51C017DB285DD3150004EAA8 /* Build configuration list for PBXNativeTarget "VK" */ = {
			isa = XCConfigurationList;
			buildConfigurations = (
				51C017DC285DD3150004EAA8 /* Debug */,
				51C017DD285DD3150004EAA8 /* Release */,
			);
			defaultConfigurationIsVisible = 0;
			defaultConfigurationName = Release;
		};
/* End XCConfigurationList section */
	};
	rootObject = 51C017BF285DD3140004EAA8 /* Project object */;
}
